# This file is autogenerated, do not edit; changes may be undone by the next 'dep ensure'.


[[projects]]
  name = "github.com/mmcloughlin/geohash"
  packages = ["."]
  revision = "a84196f7a15d0ea8c5919f1ec0f15172fb518fba"
  version = "v0.9.0"

[solve-meta]
  analyzer-name = "dep"
  analyzer-version = 1
  inputs-digest = "a5e1272ac9e28b10bf0c552e4fc7fc86d46fea487482b11008c27e92ac563ce5"
  solver-name = "gps-cdcl"
  solver-version = 1
